
Microsoft Visual Studio Solution File, Format Version 12.00
# Visual Studio Version 17
VisualStudioVersion = 17.0.32112.339
MinimumVisualStudioVersion = 10.0.40219.1
Project("{9A19103F-16F7-4668-BE54-9A1E7A4F7556}") = "Carmasters.Core.Domain", "Carmasters.Domain\Carmasters.Core.Domain.csproj", "{47CBB3CC-B569-42C4-8B26-5C2D0D2293B8}"
EndProject
Project("{9A19103F-16F7-4668-BE54-9A1E7A4F7556}") = "Carmasters.Core.Persistence.Postgres", "Carmasters.Core.Repository.Postgres\Carmasters.Core.Persistence.Postgres.csproj", "{6469FC23-907A-4D63-8000-81792E8DB5A3}"
EndProject
Project("{9A19103F-16F7-4668-BE54-9A1E7A4F7556}") = "Carmasters.Core.Application", "Carmasters.Core.Application\Carmasters.Core.Application.csproj", "{486C70DB-36C7-4D23-86F7-DD60F83CB83E}"
EndProject
Project("{9A19103F-16F7-4668-BE54-9A1E7A4F7556}") = "Carmasters.Http.Api", "Carmasters.Http.Api\Carmasters.Http.Api.csproj", "{A1614AF0-AD7D-4382-84DE-78DE4FB85B89}"
EndProject
Project("{9A19103F-16F7-4668-BE54-9A1E7A4F7556}") = "Carmasters.Http.Api.Model", "Carmasters.Http.Api.Model\Carmasters.Http.Api.Model.csproj", "{795BE5C6-12D5-45A2-9BFF-BA7B854A59E8}"
EndProject
Project("{FAE04EC0-301F-11D3-BF4B-00C04F79EFBC}") = "DbUp", "DbUp\DbUp.csproj", "{4F11145D-8527-4E74-A5EC-E9B3B23D93E8}"
EndProject
Global
	GlobalSection(SolutionConfigurationPlatforms) = preSolution
		Debug|Any CPU = Debug|Any CPU
		Release|Any CPU = Release|Any CPU
	EndGlobalSection
	GlobalSection(ProjectConfigurationPlatforms) = postSolution
		{47CBB3CC-B569-42C4-8B26-5C2D0D2293B8}.Debug|Any CPU.ActiveCfg = Debug|Any CPU
		{47CBB3CC-B569-42C4-8B26-5C2D0D2293B8}.Debug|Any CPU.Build.0 = Debug|Any CPU
		{47CBB3CC-B569-42C4-8B26-5C2D0D2293B8}.Release|Any CPU.ActiveCfg = Release|Any CPU
		{47CBB3CC-B569-42C4-8B26-5C2D0D2293B8}.Release|Any CPU.Build.0 = Release|Any CPU
		{6469FC23-907A-4D63-8000-81792E8DB5A3}.Debug|Any CPU.ActiveCfg = Debug|Any CPU
		{6469FC23-907A-4D63-8000-81792E8DB5A3}.Debug|Any CPU.Build.0 = Debug|Any CPU
		{6469FC23-907A-4D63-8000-81792E8DB5A3}.Release|Any CPU.ActiveCfg = Release|Any CPU
		{6469FC23-907A-4D63-8000-81792E8DB5A3}.Release|Any CPU.Build.0 = Release|Any CPU
		{486C70DB-36C7-4D23-86F7-DD60F83CB83E}.Debug|Any CPU.ActiveCfg = Debug|Any CPU
		{486C70DB-36C7-4D23-86F7-DD60F83CB83E}.Debug|Any CPU.Build.0 = Debug|Any CPU
		{486C70DB-36C7-4D23-86F7-DD60F83CB83E}.Release|Any CPU.ActiveCfg = Release|Any CPU
		{486C70DB-36C7-4D23-86F7-DD60F83CB83E}.Release|Any CPU.Build.0 = Release|Any CPU
		{A1614AF0-AD7D-4382-84DE-78DE4FB85B89}.Debug|Any CPU.ActiveCfg = Debug|Any CPU
		{A1614AF0-AD7D-4382-84DE-78DE4FB85B89}.Debug|Any CPU.Build.0 = Debug|Any CPU
		{A1614AF0-AD7D-4382-84DE-78DE4FB85B89}.Release|Any CPU.ActiveCfg = Release|Any CPU
		{A1614AF0-AD7D-4382-84DE-78DE4FB85B89}.Release|Any CPU.Build.0 = Release|Any CPU
		{795BE5C6-12D5-45A2-9BFF-BA7B854A59E8}.Debug|Any CPU.ActiveCfg = Debug|Any CPU
		{795BE5C6-12D5-45A2-9BFF-BA7B854A59E8}.Debug|Any CPU.Build.0 = Debug|Any CPU
		{795BE5C6-12D5-45A2-9BFF-BA7B854A59E8}.Release|Any CPU.ActiveCfg = Release|Any CPU
		{795BE5C6-12D5-45A2-9BFF-BA7B854A59E8}.Release|Any CPU.Build.0 = Release|Any CPU
		{4F11145D-8527-4E74-A5EC-E9B3B23D93E8}.Debug|Any CPU.ActiveCfg = Debug|Any CPU
		{4F11145D-8527-4E74-A5EC-E9B3B23D93E8}.Debug|Any CPU.Build.0 = Debug|Any CPU
		{4F11145D-8527-4E74-A5EC-E9B3B23D93E8}.Release|Any CPU.ActiveCfg = Release|Any CPU
		{4F11145D-8527-4E74-A5EC-E9B3B23D93E8}.Release|Any CPU.Build.0 = Release|Any CPU
	EndGlobalSection
	GlobalSection(SolutionProperties) = preSolution
		HideSolutionNode = FALSE
	EndGlobalSection
	GlobalSection(ExtensibilityGlobals) = postSolution
		SolutionGuid = {BFB5A902-6F74-48CA-8D28-7A3A8E1C16BE}
	EndGlobalSection
EndGlobal
